
Microsoft Visual Studio Solution File, Format Version 12.00
# Visual Studio Version 16
VisualStudioVersion = 16.0.30225.117
MinimumVisualStudioVersion = 10.0.40219.1
Project("{FAE04EC0-301F-11D3-BF4B-00C04F79EFBC}") = "CMS_ShoppingCart", "CMS_ShoppingCart\CMS_ShoppingCart.csproj", "{6C6716A1-454E-4FFA-9E93-25F12BBD6D26}"
EndProject
Global
	GlobalSection(SolutionConfigurationPlatforms) = preSolution
		Debug|Any CPU = Debug|Any CPU
		Release|Any CPU = Release|Any CPU
	EndGlobalSection
	GlobalSection(ProjectConfigurationPlatforms) = postSolution
		{6C6716A1-454E-4FFA-9E93-25F12BBD6D26}.Debug|Any CPU.ActiveCfg = Debug|Any CPU
		{6C6716A1-454E-4FFA-9E93-25F12BBD6D26}.Debug|Any CPU.Build.0 = Debug|Any CPU
		{6C6716A1-454E-4FFA-9E93-25F12BBD6D26}.Release|Any CPU.ActiveCfg = Release|Any CPU
		{6C6716A1-454E-4FFA-9E93-25F12BBD6D26}.Release|Any CPU.Build.0 = Release|Any CPU
	EndGlobalSection
	GlobalSection(SolutionProperties) = preSolution
		HideSolutionNode = FALSE
	EndGlobalSection
	GlobalSection(ExtensibilityGlobals) = postSolution
		SolutionGuid = {E84C05E8-2FB9-4EA7-805B-D60025095E7F}
	EndGlobalSection
EndGlobal
